<?xml version="1.0" encoding="UTF-8"?>
<!DOCTYPE plist PUBLIC "-//Apple//DTD PLIST 1.0//EN" "http://www.apple.com/DTDs/PropertyList-1.0.dtd">
<plist version="1.0">
<dict>
	<key>archiveVersion</key>
	<string>1</string>
	<key>classes</key>
	<dict/>
	<key>objectVersion</key>
	<string>46</string>
	<key>objects</key>
	<dict>
		<key>0031E612DF164016ACD11C1B</key>
		<dict>
			<key>explicitFileType</key>
			<string>archive.ar</string>
			<key>includeInIndex</key>
			<string>0</string>
			<key>isa</key>
			<string>PBXFileReference</string>
			<key>path</key>
			<string>libPods.a</string>
			<key>sourceTree</key>
			<string>BUILT_PRODUCTS_DIR</string>
		</dict>
		<key>0A33E7CD67934DFA87FEA5FB</key>
		<dict>
			<key>includeInIndex</key>
			<string>1</string>
			<key>isa</key>
			<string>PBXFileReference</string>
			<key>lastKnownFileType</key>
			<string>text.xcconfig</string>
			<key>name</key>
			<string>Pods.xcconfig</string>
			<key>path</key>
			<string>Pods/Pods.xcconfig</string>
			<key>sourceTree</key>
			<string>&lt;group&gt;</string>
		</dict>
		<key>0E59ACB6C884485886EB205E</key>
		<dict>
			<key>buildActionMask</key>
			<string>2147483647</string>
			<key>files</key>
			<array/>
			<key>inputPaths</key>
			<array/>
			<key>isa</key>
			<string>PBXShellScriptBuildPhase</string>
			<key>name</key>
			<string>Check Pods Manifest.lock</string>
			<key>outputPaths</key>
			<array/>
			<key>runOnlyForDeploymentPostprocessing</key>
			<string>0</string>
			<key>shellPath</key>
			<string>/bin/sh</string>
			<key>shellScript</key>
			<string>diff "${PODS_ROOT}/../Podfile.lock" "${PODS_ROOT}/Manifest.lock" &gt; /dev/null
if [[ $? != 0 ]] ; then
    cat &lt;&lt; EOM
error: The sandbox is not in sync with the Podfile.lock. Run 'pod install' or update your CocoaPods installation.
EOM
    exit 1
fi
</string>
			<key>showEnvVarsInLog</key>
			<string>0</string>
		</dict>
		<key>1F3DAF5D190351270061AAFA</key>
		<dict>
			<key>children</key>
			<array>
				<string>1F3DAF71190351270061AAFA</string>
				<string>1F3DAF8E190351270061AAFA</string>
				<string>1F4AEADB1904BEF60004A71E</string>
				<string>1F4AEAD01904BDDE0004A71E</string>
				<string>1F3DAF68190351270061AAFA</string>
				<string>1F3DAF67190351270061AAFA</string>
				<string>0A33E7CD67934DFA87FEA5FB</string>
			</array>
			<key>isa</key>
			<string>PBXGroup</string>
			<key>sourceTree</key>
			<string>&lt;group&gt;</string>
		</dict>
		<key>1F3DAF5E190351270061AAFA</key>
		<dict>
			<key>attributes</key>
			<dict>
				<key>CLASSPREFIX</key>
				<string>AirPath</string>
				<key>LastUpgradeCheck</key>
				<string>0500</string>
				<key>ORGANIZATIONNAME</key>
				<string>zwein</string>
				<key>TargetAttributes</key>
				<dict>
					<key>1F3DAF65190351270061AAFA</key>
					<dict>
						<key>SystemCapabilities</key>
						<dict>
							<key>com.apple.iOS</key>
							<dict>
								<key>enabled</key>
								<string>0</string>
							</dict>
						</dict>
					</dict>
					<key>1F3DAF85190351270061AAFA</key>
					<dict>
						<key>TestTargetID</key>
						<string>1F3DAF65190351270061AAFA</string>
					</dict>
				</dict>
			</dict>
			<key>buildConfigurationList</key>
			<string>1F3DAF61190351270061AAFA</string>
			<key>compatibilityVersion</key>
			<string>Xcode 3.2</string>
			<key>developmentRegion</key>
			<string>English</string>
			<key>hasScannedForEncodings</key>
			<string>0</string>
			<key>isa</key>
			<string>PBXProject</string>
			<key>knownRegions</key>
			<array>
				<string>en</string>
			</array>
			<key>mainGroup</key>
			<string>1F3DAF5D190351270061AAFA</string>
			<key>productRefGroup</key>
			<string>1F3DAF67190351270061AAFA</string>
			<key>projectDirPath</key>
			<string></string>
			<key>projectReferences</key>
			<array/>
			<key>projectRoot</key>
			<string></string>
			<key>targets</key>
			<array>
				<string>1F3DAF65190351270061AAFA</string>
				<string>1F3DAF85190351270061AAFA</string>
				<string>1F4AEAD61904BEF60004A71E</string>
			</array>
		</dict>
		<key>1F3DAF61190351270061AAFA</key>
		<dict>
			<key>buildConfigurations</key>
			<array>
				<string>1F3DAF96190351270061AAFA</string>
				<string>1F3DAF97190351270061AAFA</string>
			</array>
			<key>defaultConfigurationIsVisible</key>
			<string>0</string>
			<key>defaultConfigurationName</key>
			<string>Release</string>
			<key>isa</key>
			<string>XCConfigurationList</string>
		</dict>
		<key>1F3DAF62190351270061AAFA</key>
		<dict>
			<key>buildActionMask</key>
			<string>2147483647</string>
			<key>files</key>
			<array>
				<string>1F4AEB071904C10E0004A71E</string>
				<string>1F3DAF7F190351270061AAFA</string>
				<string>1F3DAF7C190351270061AAFA</string>
				<string>1F3DAF78190351270061AAFA</string>
				<string>1F4AEB241904F31C0004A71E</string>
				<string>1F91D589190504DA00FA3F16</string>
				<string>1F91D58A190504DA00FA3F16</string>
				<string>1F4AEAAC1904A89D0004A71E</string>
			</array>
			<key>isa</key>
			<string>PBXSourcesBuildPhase</string>
			<key>runOnlyForDeploymentPostprocessing</key>
			<string>0</string>
		</dict>
		<key>1F3DAF63190351270061AAFA</key>
		<dict>
			<key>buildActionMask</key>
			<string>2147483647</string>
			<key>files</key>
			<array>
				<string>1F4AEB3C1904FA900004A71E</string>
				<string>1F4AEB261904F3EE0004A71E</string>
				<string>1F4AEB1B1904C5C30004A71E</string>
				<string>1F4AEB191904C5BC0004A71E</string>
				<string>1F4AEB171904C5B20004A71E</string>
				<string>1F4AEB151904C5A70004A71E</string>
				<string>1F4AEB131904C59D0004A71E</string>
				<string>1F4AEB111904C5950004A71E</string>
				<string>1F4AEB0F1904C5870004A71E</string>
				<string>1F4AEB0D1904C57A0004A71E</string>
				<string>1F4AEB0B1904C56E0004A71E</string>
				<string>1F3DAF6C190351270061AAFA</string>
				<string>1F3DAF70190351270061AAFA</string>
				<string>1F3DAF6E190351270061AAFA</string>
				<string>1F3DAF6A190351270061AAFA</string>
				<string>6F0CC9FC5D7744D79190F3C9</string>
			</array>
			<key>isa</key>
			<string>PBXFrameworksBuildPhase</string>
			<key>runOnlyForDeploymentPostprocessing</key>
			<string>0</string>
		</dict>
		<key>1F3DAF64190351270061AAFA</key>
		<dict>
			<key>buildActionMask</key>
			<string>2147483647</string>
			<key>files</key>
			<array>
				<string>1F4AEABB1904B0160004A71E</string>
				<string>1F4AEABF1904B0160004A71E</string>
				<string>1F4AEAC01904B0160004A71E</string>
				<string>1F4AEABC1904B0160004A71E</string>
				<string>1F3DAF76190351270061AAFA</string>
				<string>1F4AEABA1904B0160004A71E</string>
				<string>1F4AEABD1904B0160004A71E</string>
				<string>1F4AEABE1904B0160004A71E</string>
				<string>1F4AEAC31904B0160004A71E</string>
				<string>1F4AEAC41904B0160004A71E</string>
				<string>1F3DAF81190351270061AAFA</string>
				<string>1F4AEAC51904B0160004A71E</string>
				<string>1F4AEAC21904B0160004A71E</string>
				<string>1F4AEAA81904A7CE0004A71E</string>
				<string>1F4AEAC11904B0160004A71E</string>
			</array>
			<key>isa</key>
			<string>PBXResourcesBuildPhase</string>
			<key>runOnlyForDeploymentPostprocessing</key>
			<string>0</string>
		</dict>
		<key>1F3DAF65190351270061AAFA</key>
		<dict>
			<key>buildConfigurationList</key>
			<string>1F3DAF98190351270061AAFA</string>
			<key>buildPhases</key>
			<array>
				<string>0E59ACB6C884485886EB205E</string>
				<string>1F3DAF62190351270061AAFA</string>
				<string>1F3DAF63190351270061AAFA</string>
				<string>1F3DAF64190351270061AAFA</string>
				<string>DC5199B3638F4602AFA60D0D</string>
			</array>
			<key>buildRules</key>
			<array/>
			<key>dependencies</key>
			<array/>
			<key>isa</key>
			<string>PBXNativeTarget</string>
			<key>name</key>
			<string>AirPath</string>
			<key>productName</key>
			<string>AirPath</string>
			<key>productReference</key>
			<string>1F3DAF66190351270061AAFA</string>
			<key>productType</key>
			<string>com.apple.product-type.application</string>
		</dict>
		<key>1F3DAF66190351270061AAFA</key>
		<dict>
			<key>explicitFileType</key>
			<string>wrapper.application</string>
			<key>includeInIndex</key>
			<string>0</string>
			<key>isa</key>
			<string>PBXFileReference</string>
			<key>path</key>
			<string>AirPath.app</string>
			<key>sourceTree</key>
			<string>BUILT_PRODUCTS_DIR</string>
		</dict>
		<key>1F3DAF67190351270061AAFA</key>
		<dict>
			<key>children</key>
			<array>
				<string>1F3DAF66190351270061AAFA</string>
				<string>1F3DAF86190351270061AAFA</string>
				<string>1F4AEAD71904BEF60004A71E</string>
			</array>
			<key>isa</key>
			<string>PBXGroup</string>
			<key>name</key>
			<string>Products</string>
			<key>sourceTree</key>
			<string>&lt;group&gt;</string>
		</dict>
		<key>1F3DAF68190351270061AAFA</key>
		<dict>
			<key>children</key>
			<array>
				<string>1F4AEB3A1904FA530004A71E</string>
				<string>1F4AEB251904F3EE0004A71E</string>
				<string>1F4AEB1A1904C5C30004A71E</string>
				<string>1F4AEB181904C5BC0004A71E</string>
				<string>1F4AEB161904C5B20004A71E</string>
				<string>1F4AEB141904C5A70004A71E</string>
				<string>1F4AEB121904C59D0004A71E</string>
				<string>1F4AEB101904C5950004A71E</string>
				<string>1F4AEB0E1904C5870004A71E</string>
				<string>1F4AEB0C1904C57A0004A71E</string>
				<string>1F4AEB0A1904C56E0004A71E</string>
				<string>1F4AEB081904C5330004A71E</string>
				<string>1F3DAF69190351270061AAFA</string>
				<string>1F3DAF6B190351270061AAFA</string>
				<string>1F3DAF6D190351270061AAFA</string>
				<string>1F3DAF6F190351270061AAFA</string>
				<string>1F3DAF87190351270061AAFA</string>
				<string>0031E612DF164016ACD11C1B</string>
			</array>
			<key>isa</key>
			<string>PBXGroup</string>
			<key>name</key>
			<string>Frameworks</string>
			<key>sourceTree</key>
			<string>&lt;group&gt;</string>
		</dict>
		<key>1F3DAF69190351270061AAFA</key>
		<dict>
			<key>isa</key>
			<string>PBXFileReference</string>
			<key>lastKnownFileType</key>
			<string>wrapper.framework</string>
			<key>name</key>
			<string>Foundation.framework</string>
			<key>path</key>
			<string>System/Library/Frameworks/Foundation.framework</string>
			<key>sourceTree</key>
			<string>SDKROOT</string>
		</dict>
		<key>1F3DAF6A190351270061AAFA</key>
		<dict>
			<key>fileRef</key>
			<string>1F3DAF69190351270061AAFA</string>
			<key>isa</key>
			<string>PBXBuildFile</string>
		</dict>
		<key>1F3DAF6B190351270061AAFA</key>
		<dict>
			<key>isa</key>
			<string>PBXFileReference</string>
			<key>lastKnownFileType</key>
			<string>wrapper.framework</string>
			<key>name</key>
			<string>CoreGraphics.framework</string>
			<key>path</key>
			<string>System/Library/Frameworks/CoreGraphics.framework</string>
			<key>sourceTree</key>
			<string>SDKROOT</string>
		</dict>
		<key>1F3DAF6C190351270061AAFA</key>
		<dict>
			<key>fileRef</key>
			<string>1F3DAF6B190351270061AAFA</string>
			<key>isa</key>
			<string>PBXBuildFile</string>
		</dict>
		<key>1F3DAF6D190351270061AAFA</key>
		<dict>
			<key>isa</key>
			<string>PBXFileReference</string>
			<key>lastKnownFileType</key>
			<string>wrapper.framework</string>
			<key>name</key>
			<string>UIKit.framework</string>
			<key>path</key>
			<string>System/Library/Frameworks/UIKit.framework</string>
			<key>sourceTree</key>
			<string>SDKROOT</string>
		</dict>
		<key>1F3DAF6E190351270061AAFA</key>
		<dict>
			<key>fileRef</key>
			<string>1F3DAF6D190351270061AAFA</string>
			<key>isa</key>
			<string>PBXBuildFile</string>
		</dict>
		<key>1F3DAF6F190351270061AAFA</key>
		<dict>
			<key>isa</key>
			<string>PBXFileReference</string>
			<key>lastKnownFileType</key>
			<string>wrapper.framework</string>
			<key>name</key>
			<string>CoreData.framework</string>
			<key>path</key>
			<string>System/Library/Frameworks/CoreData.framework</string>
			<key>sourceTree</key>
			<string>SDKROOT</string>
		</dict>
		<key>1F3DAF70190351270061AAFA</key>
		<dict>
			<key>fileRef</key>
			<string>1F3DAF6F190351270061AAFA</string>
			<key>isa</key>
			<string>PBXBuildFile</string>
		</dict>
		<key>1F3DAF71190351270061AAFA</key>
		<dict>
			<key>children</key>
			<array>
				<string>1F3DAFA719035FCB0061AAFA</string>
				<string>1F3DAFA119035F000061AAFA</string>
				<string>1F3DAF9E19035EDC0061AAFA</string>
				<string>1F3DAF9F19035EE40061AAFA</string>
				<string>1F3DAFA019035EEA0061AAFA</string>
				<string>1F3DAFA219035F120061AAFA</string>
				<string>1F3DAF80190351270061AAFA</string>
				<string>1F3DAF7D190351270061AAFA</string>
				<string>1F50F0C31904A0F5008A6893</string>
				<string>1F3DAF72190351270061AAFA</string>
				<string>1F4AEAAD1904B0160004A71E</string>
			</array>
			<key>isa</key>
			<string>PBXGroup</string>
			<key>path</key>
			<string>AirPath</string>
			<key>sourceTree</key>
			<string>&lt;group&gt;</string>
		</dict>
		<key>1F3DAF72190351270061AAFA</key>
		<dict>
			<key>children</key>
			<array>
				<string>1F3DAF73190351270061AAFA</string>
				<string>1F3DAF74190351270061AAFA</string>
				<string>1F3DAF77190351270061AAFA</string>
				<string>1F3DAF79190351270061AAFA</string>
			</array>
			<key>isa</key>
			<string>PBXGroup</string>
			<key>name</key>
			<string>Supporting Files</string>
			<key>sourceTree</key>
			<string>&lt;group&gt;</string>
		</dict>
		<key>1F3DAF73190351270061AAFA</key>
		<dict>
			<key>isa</key>
			<string>PBXFileReference</string>
			<key>lastKnownFileType</key>
			<string>text.plist.xml</string>
			<key>path</key>
			<string>AirPath-Info.plist</string>
			<key>sourceTree</key>
			<string>&lt;group&gt;</string>
		</dict>
		<key>1F3DAF74190351270061AAFA</key>
		<dict>
			<key>children</key>
			<array>
				<string>1F3DAF75190351270061AAFA</string>
			</array>
			<key>isa</key>
			<string>PBXVariantGroup</string>
			<key>name</key>
			<string>InfoPlist.strings</string>
			<key>sourceTree</key>
			<string>&lt;group&gt;</string>
		</dict>
		<key>1F3DAF75190351270061AAFA</key>
		<dict>
			<key>isa</key>
			<string>PBXFileReference</string>
			<key>lastKnownFileType</key>
			<string>text.plist.strings</string>
			<key>name</key>
			<string>en</string>
			<key>path</key>
			<string>en.lproj/InfoPlist.strings</string>
			<key>sourceTree</key>
			<string>&lt;group&gt;</string>
		</dict>
		<key>1F3DAF76190351270061AAFA</key>
		<dict>
			<key>fileRef</key>
			<string>1F3DAF74190351270061AAFA</string>
			<key>isa</key>
			<string>PBXBuildFile</string>
		</dict>
		<key>1F3DAF77190351270061AAFA</key>
		<dict>
			<key>isa</key>
			<string>PBXFileReference</string>
			<key>lastKnownFileType</key>
			<string>sourcecode.c.objc</string>
			<key>path</key>
			<string>main.m</string>
			<key>sourceTree</key>
			<string>&lt;group&gt;</string>
		</dict>
		<key>1F3DAF78190351270061AAFA</key>
		<dict>
			<key>fileRef</key>
			<string>1F3DAF77190351270061AAFA</string>
			<key>isa</key>
			<string>PBXBuildFile</string>
		</dict>
		<key>1F3DAF79190351270061AAFA</key>
		<dict>
			<key>isa</key>
			<string>PBXFileReference</string>
			<key>lastKnownFileType</key>
			<string>sourcecode.c.h</string>
			<key>path</key>
			<string>AirPath-Prefix.pch</string>
			<key>sourceTree</key>
			<string>&lt;group&gt;</string>
		</dict>
		<key>1F3DAF7A190351270061AAFA</key>
		<dict>
			<key>isa</key>
			<string>PBXFileReference</string>
			<key>lastKnownFileType</key>
			<string>sourcecode.c.h</string>
			<key>path</key>
			<string>AirPathAppDelegate.h</string>
			<key>sourceTree</key>
			<string>&lt;group&gt;</string>
		</dict>
		<key>1F3DAF7B190351270061AAFA</key>
		<dict>
			<key>isa</key>
			<string>PBXFileReference</string>
			<key>lastKnownFileType</key>
			<string>sourcecode.c.objc</string>
			<key>path</key>
			<string>AirPathAppDelegate.m</string>
			<key>sourceTree</key>
			<string>&lt;group&gt;</string>
		</dict>
		<key>1F3DAF7C190351270061AAFA</key>
		<dict>
			<key>fileRef</key>
			<string>1F3DAF7B190351270061AAFA</string>
			<key>isa</key>
			<string>PBXBuildFile</string>
		</dict>
		<key>1F3DAF7D190351270061AAFA</key>
		<dict>
			<key>children</key>
			<array>
				<string>1F3DAF7E190351270061AAFA</string>
			</array>
			<key>currentVersion</key>
			<string>1F3DAF7E190351270061AAFA</string>
			<key>isa</key>
			<string>XCVersionGroup</string>
			<key>path</key>
			<string>AirPath.xcdatamodeld</string>
			<key>sourceTree</key>
			<string>&lt;group&gt;</string>
			<key>versionGroupType</key>
			<string>wrapper.xcdatamodel</string>
		</dict>
		<key>1F3DAF7E190351270061AAFA</key>
		<dict>
			<key>isa</key>
			<string>PBXFileReference</string>
			<key>lastKnownFileType</key>
			<string>wrapper.xcdatamodel</string>
			<key>path</key>
			<string>AirPath.xcdatamodel</string>
			<key>sourceTree</key>
			<string>&lt;group&gt;</string>
		</dict>
		<key>1F3DAF7F190351270061AAFA</key>
		<dict>
			<key>fileRef</key>
			<string>1F3DAF7D190351270061AAFA</string>
			<key>isa</key>
			<string>PBXBuildFile</string>
		</dict>
		<key>1F3DAF80190351270061AAFA</key>
		<dict>
			<key>isa</key>
			<string>PBXFileReference</string>
			<key>lastKnownFileType</key>
			<string>folder.assetcatalog</string>
			<key>path</key>
			<string>Images.xcassets</string>
			<key>sourceTree</key>
			<string>&lt;group&gt;</string>
		</dict>
		<key>1F3DAF81190351270061AAFA</key>
		<dict>
			<key>fileRef</key>
			<string>1F3DAF80190351270061AAFA</string>
			<key>isa</key>
			<string>PBXBuildFile</string>
		</dict>
		<key>1F3DAF82190351270061AAFA</key>
		<dict>
			<key>buildActionMask</key>
			<string>2147483647</string>
			<key>files</key>
			<array>
				<string>1F3DAF95190351270061AAFA</string>
				<string>1F4AEB2D1904F6500004A71E</string>
			</array>
			<key>isa</key>
			<string>PBXSourcesBuildPhase</string>
			<key>runOnlyForDeploymentPostprocessing</key>
			<string>0</string>
		</dict>
		<key>1F3DAF83190351270061AAFA</key>
		<dict>
			<key>buildActionMask</key>
			<string>2147483647</string>
			<key>files</key>
			<array>
				<string>1F4AEB3D1904FAA00004A71E</string>
				<string>1F4AEB381904F85F0004A71E</string>
				<string>1F3DAF88190351270061AAFA</string>
				<string>1F3DAF8B190351270061AAFA</string>
				<string>1F3DAF8A190351270061AAFA</string>
				<string>1F3DAF89190351270061AAFA</string>
			</array>
			<key>isa</key>
			<string>PBXFrameworksBuildPhase</string>
			<key>runOnlyForDeploymentPostprocessing</key>
			<string>0</string>
		</dict>
		<key>1F3DAF84190351270061AAFA</key>
		<dict>
			<key>buildActionMask</key>
			<string>2147483647</string>
			<key>files</key>
			<array>
				<string>1F3DAF93190351270061AAFA</string>
			</array>
			<key>isa</key>
			<string>PBXResourcesBuildPhase</string>
			<key>runOnlyForDeploymentPostprocessing</key>
			<string>0</string>
		</dict>
		<key>1F3DAF85190351270061AAFA</key>
		<dict>
			<key>buildConfigurationList</key>
			<string>1F3DAF9B190351270061AAFA</string>
			<key>buildPhases</key>
			<array>
				<string>1F3DAF82190351270061AAFA</string>
				<string>1F3DAF83190351270061AAFA</string>
				<string>1F3DAF84190351270061AAFA</string>
			</array>
			<key>buildRules</key>
			<array/>
			<key>dependencies</key>
			<array>
				<string>1F3DAF8D190351270061AAFA</string>
			</array>
			<key>isa</key>
			<string>PBXNativeTarget</string>
			<key>name</key>
			<string>AirPathTests</string>
			<key>productName</key>
			<string>AirPathTests</string>
			<key>productReference</key>
			<string>1F3DAF86190351270061AAFA</string>
			<key>productType</key>
			<string>com.apple.product-type.bundle.unit-test</string>
		</dict>
		<key>1F3DAF86190351270061AAFA</key>
		<dict>
			<key>explicitFileType</key>
			<string>wrapper.cfbundle</string>
			<key>includeInIndex</key>
			<string>0</string>
			<key>isa</key>
			<string>PBXFileReference</string>
			<key>path</key>
			<string>AirPathTests.xctest</string>
			<key>sourceTree</key>
			<string>BUILT_PRODUCTS_DIR</string>
		</dict>
		<key>1F3DAF87190351270061AAFA</key>
		<dict>
			<key>isa</key>
			<string>PBXFileReference</string>
			<key>lastKnownFileType</key>
			<string>wrapper.framework</string>
			<key>name</key>
			<string>XCTest.framework</string>
			<key>path</key>
			<string>Library/Frameworks/XCTest.framework</string>
			<key>sourceTree</key>
			<string>DEVELOPER_DIR</string>
		</dict>
		<key>1F3DAF88190351270061AAFA</key>
		<dict>
			<key>fileRef</key>
			<string>1F3DAF87190351270061AAFA</string>
			<key>isa</key>
			<string>PBXBuildFile</string>
		</dict>
		<key>1F3DAF89190351270061AAFA</key>
		<dict>
			<key>fileRef</key>
			<string>1F3DAF69190351270061AAFA</string>
			<key>isa</key>
			<string>PBXBuildFile</string>
		</dict>
		<key>1F3DAF8A190351270061AAFA</key>
		<dict>
			<key>fileRef</key>
			<string>1F3DAF6D190351270061AAFA</string>
			<key>isa</key>
			<string>PBXBuildFile</string>
		</dict>
		<key>1F3DAF8B190351270061AAFA</key>
		<dict>
			<key>fileRef</key>
			<string>1F3DAF6F190351270061AAFA</string>
			<key>isa</key>
			<string>PBXBuildFile</string>
		</dict>
		<key>1F3DAF8C190351270061AAFA</key>
		<dict>
			<key>containerPortal</key>
			<string>1F3DAF5E190351270061AAFA</string>
			<key>isa</key>
			<string>PBXContainerItemProxy</string>
			<key>proxyType</key>
			<string>1</string>
			<key>remoteGlobalIDString</key>
			<string>1F3DAF65190351270061AAFA</string>
			<key>remoteInfo</key>
			<string>AirPath</string>
		</dict>
		<key>1F3DAF8D190351270061AAFA</key>
		<dict>
			<key>isa</key>
			<string>PBXTargetDependency</string>
			<key>target</key>
			<string>1F3DAF65190351270061AAFA</string>
			<key>targetProxy</key>
			<string>1F3DAF8C190351270061AAFA</string>
		</dict>
		<key>1F3DAF8E190351270061AAFA</key>
		<dict>
			<key>children</key>
			<array>
				<string>1F73013319049158003170EB</string>
				<string>1F7301321904914E003170EB</string>
				<string>1F3DAF94190351270061AAFA</string>
				<string>1F3DAF8F190351270061AAFA</string>
			</array>
			<key>isa</key>
			<string>PBXGroup</string>
			<key>path</key>
			<string>AirPathTests</string>
			<key>sourceTree</key>
			<string>&lt;group&gt;</string>
		</dict>
		<key>1F3DAF8F190351270061AAFA</key>
		<dict>
			<key>children</key>
			<array>
				<string>1F3DAF90190351270061AAFA</string>
				<string>1F3DAF91190351270061AAFA</string>
			</array>
			<key>isa</key>
			<string>PBXGroup</string>
			<key>name</key>
			<string>Supporting Files</string>
			<key>sourceTree</key>
			<string>&lt;group&gt;</string>
		</dict>
		<key>1F3DAF90190351270061AAFA</key>
		<dict>
			<key>isa</key>
			<string>PBXFileReference</string>
			<key>lastKnownFileType</key>
			<string>text.plist.xml</string>
			<key>path</key>
			<string>AirPathTests-Info.plist</string>
			<key>sourceTree</key>
			<string>&lt;group&gt;</string>
		</dict>
		<key>1F3DAF91190351270061AAFA</key>
		<dict>
			<key>children</key>
			<array>
				<string>1F3DAF92190351270061AAFA</string>
			</array>
			<key>isa</key>
			<string>PBXVariantGroup</string>
			<key>name</key>
			<string>InfoPlist.strings</string>
			<key>sourceTree</key>
			<string>&lt;group&gt;</string>
		</dict>
		<key>1F3DAF92190351270061AAFA</key>
		<dict>
			<key>isa</key>
			<string>PBXFileReference</string>
			<key>lastKnownFileType</key>
			<string>text.plist.strings</string>
			<key>name</key>
			<string>en</string>
			<key>path</key>
			<string>en.lproj/InfoPlist.strings</string>
			<key>sourceTree</key>
			<string>&lt;group&gt;</string>
		</dict>
		<key>1F3DAF93190351270061AAFA</key>
		<dict>
			<key>fileRef</key>
			<string>1F3DAF91190351270061AAFA</string>
			<key>isa</key>
			<string>PBXBuildFile</string>
		</dict>
		<key>1F3DAF94190351270061AAFA</key>
		<dict>
			<key>isa</key>
			<string>PBXFileReference</string>
			<key>lastKnownFileType</key>
			<string>sourcecode.c.objc</string>
			<key>path</key>
			<string>AirPathTests.m</string>
			<key>sourceTree</key>
			<string>&lt;group&gt;</string>
		</dict>
		<key>1F3DAF95190351270061AAFA</key>
		<dict>
			<key>fileRef</key>
			<string>1F3DAF94190351270061AAFA</string>
			<key>isa</key>
			<string>PBXBuildFile</string>
		</dict>
		<key>1F3DAF96190351270061AAFA</key>
		<dict>
			<key>buildSettings</key>
			<dict>
				<key>ALWAYS_SEARCH_USER_PATHS</key>
				<string>NO</string>
				<key>ARCHS</key>
				<string>$(ARCHS_STANDARD_INCLUDING_64_BIT)</string>
				<key>CLANG_CXX_LANGUAGE_STANDARD</key>
				<string>gnu++0x</string>
				<key>CLANG_CXX_LIBRARY</key>
				<string>libc++</string>
				<key>CLANG_ENABLE_MODULES</key>
				<string>YES</string>
				<key>CLANG_ENABLE_OBJC_ARC</key>
				<string>YES</string>
				<key>CLANG_WARN_BOOL_CONVERSION</key>
				<string>YES</string>
				<key>CLANG_WARN_CONSTANT_CONVERSION</key>
				<string>YES</string>
				<key>CLANG_WARN_DIRECT_OBJC_ISA_USAGE</key>
				<string>YES_ERROR</string>
				<key>CLANG_WARN_EMPTY_BODY</key>
				<string>YES</string>
				<key>CLANG_WARN_ENUM_CONVERSION</key>
				<string>YES</string>
				<key>CLANG_WARN_INT_CONVERSION</key>
				<string>YES</string>
				<key>CLANG_WARN_OBJC_ROOT_CLASS</key>
				<string>YES_ERROR</string>
				<key>CLANG_WARN__DUPLICATE_METHOD_MATCH</key>
				<string>YES</string>
				<key>CODE_SIGN_IDENTITY[sdk=iphoneos*]</key>
				<string>iPhone Developer</string>
				<key>COPY_PHASE_STRIP</key>
				<string>NO</string>
				<key>GCC_C_LANGUAGE_STANDARD</key>
				<string>gnu99</string>
				<key>GCC_DYNAMIC_NO_PIC</key>
				<string>NO</string>
				<key>GCC_OPTIMIZATION_LEVEL</key>
				<string>0</string>
				<key>GCC_PREPROCESSOR_DEFINITIONS</key>
				<array>
					<string>DEBUG=1</string>
					<string>$(inherited)</string>
				</array>
				<key>GCC_SYMBOLS_PRIVATE_EXTERN</key>
				<string>NO</string>
				<key>GCC_WARN_64_TO_32_BIT_CONVERSION</key>
				<string>YES</string>
				<key>GCC_WARN_ABOUT_RETURN_TYPE</key>
				<string>YES_ERROR</string>
				<key>GCC_WARN_UNDECLARED_SELECTOR</key>
				<string>YES</string>
				<key>GCC_WARN_UNINITIALIZED_AUTOS</key>
				<string>YES</string>
				<key>GCC_WARN_UNUSED_FUNCTION</key>
				<string>YES</string>
				<key>GCC_WARN_UNUSED_VARIABLE</key>
				<string>YES</string>
				<key>IPHONEOS_DEPLOYMENT_TARGET</key>
				<string>6.1</string>
				<key>ONLY_ACTIVE_ARCH</key>
				<string>YES</string>
				<key>SDKROOT</key>
				<string>iphoneos</string>
			</dict>
			<key>isa</key>
			<string>XCBuildConfiguration</string>
			<key>name</key>
			<string>Debug</string>
		</dict>
		<key>1F3DAF97190351270061AAFA</key>
		<dict>
			<key>buildSettings</key>
			<dict>
				<key>ALWAYS_SEARCH_USER_PATHS</key>
				<string>NO</string>
				<key>ARCHS</key>
				<string>$(ARCHS_STANDARD_INCLUDING_64_BIT)</string>
				<key>CLANG_CXX_LANGUAGE_STANDARD</key>
				<string>gnu++0x</string>
				<key>CLANG_CXX_LIBRARY</key>
				<string>libc++</string>
				<key>CLANG_ENABLE_MODULES</key>
				<string>YES</string>
				<key>CLANG_ENABLE_OBJC_ARC</key>
				<string>YES</string>
				<key>CLANG_WARN_BOOL_CONVERSION</key>
				<string>YES</string>
				<key>CLANG_WARN_CONSTANT_CONVERSION</key>
				<string>YES</string>
				<key>CLANG_WARN_DIRECT_OBJC_ISA_USAGE</key>
				<string>YES_ERROR</string>
				<key>CLANG_WARN_EMPTY_BODY</key>
				<string>YES</string>
				<key>CLANG_WARN_ENUM_CONVERSION</key>
				<string>YES</string>
				<key>CLANG_WARN_INT_CONVERSION</key>
				<string>YES</string>
				<key>CLANG_WARN_OBJC_ROOT_CLASS</key>
				<string>YES_ERROR</string>
				<key>CLANG_WARN__DUPLICATE_METHOD_MATCH</key>
				<string>YES</string>
				<key>CODE_SIGN_IDENTITY[sdk=iphoneos*]</key>
				<string>iPhone Developer</string>
				<key>COPY_PHASE_STRIP</key>
				<string>YES</string>
				<key>ENABLE_NS_ASSERTIONS</key>
				<string>NO</string>
				<key>GCC_C_LANGUAGE_STANDARD</key>
				<string>gnu99</string>
				<key>GCC_WARN_64_TO_32_BIT_CONVERSION</key>
				<string>YES</string>
				<key>GCC_WARN_ABOUT_RETURN_TYPE</key>
				<string>YES_ERROR</string>
				<key>GCC_WARN_UNDECLARED_SELECTOR</key>
				<string>YES</string>
				<key>GCC_WARN_UNINITIALIZED_AUTOS</key>
				<string>YES</string>
				<key>GCC_WARN_UNUSED_FUNCTION</key>
				<string>YES</string>
				<key>GCC_WARN_UNUSED_VARIABLE</key>
				<string>YES</string>
				<key>IPHONEOS_DEPLOYMENT_TARGET</key>
				<string>6.1</string>
				<key>SDKROOT</key>
				<string>iphoneos</string>
				<key>VALIDATE_PRODUCT</key>
				<string>YES</string>
			</dict>
			<key>isa</key>
			<string>XCBuildConfiguration</string>
			<key>name</key>
			<string>Release</string>
		</dict>
		<key>1F3DAF98190351270061AAFA</key>
		<dict>
			<key>buildConfigurations</key>
			<array>
				<string>1F3DAF99190351270061AAFA</string>
				<string>1F3DAF9A190351270061AAFA</string>
			</array>
			<key>defaultConfigurationIsVisible</key>
			<string>0</string>
			<key>defaultConfigurationName</key>
			<string>Release</string>
			<key>isa</key>
			<string>XCConfigurationList</string>
		</dict>
		<key>1F3DAF99190351270061AAFA</key>
		<dict>
			<key>baseConfigurationReference</key>
			<string>0A33E7CD67934DFA87FEA5FB</string>
			<key>buildSettings</key>
			<dict>
				<key>ASSETCATALOG_COMPILER_APPICON_NAME</key>
				<string>AppIcon</string>
				<key>ASSETCATALOG_COMPILER_LAUNCHIMAGE_NAME</key>
				<string>LaunchImage</string>
				<key>FRAMEWORK_SEARCH_PATHS</key>
				<array>
					<string>$(inherited)</string>
					<string>/Users/zwein/project/airpath/product/AirPath/library</string>
					<string>/Users/zwein/project/airpath/product/AirPath/library/parse</string>
				</array>
				<key>GCC_PRECOMPILE_PREFIX_HEADER</key>
				<string>YES</string>
				<key>GCC_PREFIX_HEADER</key>
				<string>AirPath/AirPath-Prefix.pch</string>
				<key>INFOPLIST_FILE</key>
				<string>AirPath/AirPath-Info.plist</string>
				<key>LIBRARY_SEARCH_PATHS</key>
				<string>$(inherited)</string>
				<key>PRODUCT_NAME</key>
				<string>$(TARGET_NAME)</string>
				<key>WRAPPER_EXTENSION</key>
				<string>app</string>
			</dict>
			<key>isa</key>
			<string>XCBuildConfiguration</string>
			<key>name</key>
			<string>Debug</string>
		</dict>
		<key>1F3DAF9A190351270061AAFA</key>
		<dict>
			<key>baseConfigurationReference</key>
			<string>0A33E7CD67934DFA87FEA5FB</string>
			<key>buildSettings</key>
			<dict>
				<key>ASSETCATALOG_COMPILER_APPICON_NAME</key>
				<string>AppIcon</string>
				<key>ASSETCATALOG_COMPILER_LAUNCHIMAGE_NAME</key>
				<string>LaunchImage</string>
				<key>FRAMEWORK_SEARCH_PATHS</key>
				<array>
					<string>$(inherited)</string>
					<string>/Users/zwein/project/airpath/product/AirPath/library</string>
					<string>/Users/zwein/project/airpath/product/AirPath/library/parse</string>
				</array>
				<key>GCC_PRECOMPILE_PREFIX_HEADER</key>
				<string>YES</string>
				<key>GCC_PREFIX_HEADER</key>
				<string>AirPath/AirPath-Prefix.pch</string>
				<key>INFOPLIST_FILE</key>
				<string>AirPath/AirPath-Info.plist</string>
				<key>LIBRARY_SEARCH_PATHS</key>
				<string>$(inherited)</string>
				<key>PRODUCT_NAME</key>
				<string>$(TARGET_NAME)</string>
				<key>WRAPPER_EXTENSION</key>
				<string>app</string>
			</dict>
			<key>isa</key>
			<string>XCBuildConfiguration</string>
			<key>name</key>
			<string>Release</string>
		</dict>
		<key>1F3DAF9B190351270061AAFA</key>
		<dict>
			<key>buildConfigurations</key>
			<array>
				<string>1F3DAF9C190351270061AAFA</string>
				<string>1F3DAF9D190351270061AAFA</string>
			</array>
			<key>defaultConfigurationIsVisible</key>
			<string>0</string>
			<key>defaultConfigurationName</key>
			<string>Release</string>
			<key>isa</key>
			<string>XCConfigurationList</string>
		</dict>
		<key>1F3DAF9C190351270061AAFA</key>
		<dict>
			<key>buildSettings</key>
			<dict>
				<key>ARCHS</key>
				<string>$(ARCHS_STANDARD_INCLUDING_64_BIT)</string>
				<key>BUNDLE_LOADER</key>
				<string>$(BUILT_PRODUCTS_DIR)/AirPath.app/AirPath</string>
				<key>FRAMEWORK_SEARCH_PATHS</key>
				<array>
					<string>$(SDKROOT)/Developer/Library/Frameworks</string>
					<string>$(inherited)</string>
					<string>$(DEVELOPER_FRAMEWORKS_DIR)</string>
					<string>/Users/zwein/project/airpath/product/AirPath</string>
					<string>/Users/zwein/project/airpath/product/AirPath/library/parse</string>
				</array>
				<key>GCC_PRECOMPILE_PREFIX_HEADER</key>
				<string>YES</string>
				<key>GCC_PREFIX_HEADER</key>
				<string>AirPath/AirPath-Prefix.pch</string>
				<key>GCC_PREPROCESSOR_DEFINITIONS</key>
				<array>
					<string>DEBUG=1</string>
					<string>$(inherited)</string>
				</array>
				<key>HEADER_SEARCH_PATHS</key>
				<string>$(SRCROOT)/library/ocmock</string>
				<key>INFOPLIST_FILE</key>
				<string>AirPathTests/AirPathTests-Info.plist</string>
				<key>LIBRARY_SEARCH_PATHS</key>
				<array>
					<string>$(inherited)</string>
					<string>/Users/zwein/project/airpath/product/AirPath/library/ocmock</string>
				</array>
				<key>OTHER_LDFLAGS</key>
				<array>
					<string>-force_load</string>
					<string>$(SRCROOT)/library/ocmock/libOCMock.a</string>
					<string>-ObjC</string>
				</array>
				<key>PRODUCT_NAME</key>
				<string>$(TARGET_NAME)</string>
				<key>TEST_HOST</key>
				<string>$(BUNDLE_LOADER)</string>
				<key>WRAPPER_EXTENSION</key>
				<string>xctest</string>
			</dict>
			<key>isa</key>
			<string>XCBuildConfiguration</string>
			<key>name</key>
			<string>Debug</string>
		</dict>
		<key>1F3DAF9D190351270061AAFA</key>
		<dict>
			<key>buildSettings</key>
			<dict>
				<key>ARCHS</key>
				<string>$(ARCHS_STANDARD_INCLUDING_64_BIT)</string>
				<key>BUNDLE_LOADER</key>
				<string>$(BUILT_PRODUCTS_DIR)/AirPath.app/AirPath</string>
				<key>FRAMEWORK_SEARCH_PATHS</key>
				<array>
					<string>$(SDKROOT)/Developer/Library/Frameworks</string>
					<string>$(inherited)</string>
					<string>$(DEVELOPER_FRAMEWORKS_DIR)</string>
					<string>/Users/zwein/project/airpath/product/AirPath</string>
					<string>/Users/zwein/project/airpath/product/AirPath/library/parse</string>
				</array>
				<key>GCC_PRECOMPILE_PREFIX_HEADER</key>
				<string>YES</string>
				<key>GCC_PREFIX_HEADER</key>
				<string>AirPath/AirPath-Prefix.pch</string>
				<key>HEADER_SEARCH_PATHS</key>
				<string>$(SRCROOT)/library/ocmock</string>
				<key>INFOPLIST_FILE</key>
				<string>AirPathTests/AirPathTests-Info.plist</string>
				<key>LIBRARY_SEARCH_PATHS</key>
				<array>
					<string>$(inherited)</string>
					<string>/Users/zwein/project/airpath/product/AirPath/library/ocmock</string>
				</array>
				<key>OTHER_LDFLAGS</key>
				<array>
					<string>-force_load</string>
					<string>$(SRCROOT)/library/ocmock/libOCMock.a</string>
					<string>-ObjC</string>
				</array>
				<key>PRODUCT_NAME</key>
				<string>$(TARGET_NAME)</string>
				<key>TEST_HOST</key>
				<string>$(BUNDLE_LOADER)</string>
				<key>WRAPPER_EXTENSION</key>
				<string>xctest</string>
			</dict>
			<key>isa</key>
			<string>XCBuildConfiguration</string>
			<key>name</key>
			<string>Release</string>
		</dict>
		<key>1F3DAF9E19035EDC0061AAFA</key>
		<dict>
			<key>children</key>
			<array/>
			<key>isa</key>
			<string>PBXGroup</string>
			<key>name</key>
			<string>Models</string>
			<key>sourceTree</key>
			<string>&lt;group&gt;</string>
		</dict>
		<key>1F3DAF9F19035EE40061AAFA</key>
		<dict>
			<key>children</key>
			<array/>
			<key>isa</key>
			<string>PBXGroup</string>
			<key>name</key>
			<string>Views</string>
			<key>sourceTree</key>
			<string>&lt;group&gt;</string>
		</dict>
		<key>1F3DAFA019035EEA0061AAFA</key>
		<dict>
			<key>children</key>
			<array>
				<string>1F4AEAA91904A8780004A71E</string>
			</array>
			<key>isa</key>
			<string>PBXGroup</string>
			<key>name</key>
			<string>Controllers</string>
			<key>sourceTree</key>
			<string>&lt;group&gt;</string>
		</dict>
		<key>1F3DAFA119035F000061AAFA</key>
		<dict>
			<key>children</key>
			<array>
				<string>1F4AEAA71904A7CE0004A71E</string>
			</array>
			<key>isa</key>
			<string>PBXGroup</string>
			<key>name</key>
			<string>Storyboards</string>
			<key>sourceTree</key>
			<string>&lt;group&gt;</string>
		</dict>
		<key>1F3DAFA219035F120061AAFA</key>
		<dict>
			<key>children</key>
			<array>
				<string>1FBDFA221903D81C00031083</string>
				<string>1F3DAFA619035F780061AAFA</string>
				<string>1F3DAFA519035F630061AAFA</string>
				<string>1F3DAFA419035F590061AAFA</string>
				<string>1F3DAFA319035F3F0061AAFA</string>
			</array>
			<key>isa</key>
			<string>PBXGroup</string>
			<key>name</key>
			<string>Common</string>
			<key>sourceTree</key>
			<string>&lt;group&gt;</string>
		</dict>
		<key>1F3DAFA319035F3F0061AAFA</key>
		<dict>
			<key>children</key>
			<array/>
			<key>isa</key>
			<string>PBXGroup</string>
			<key>name</key>
			<string>Network</string>
			<key>sourceTree</key>
			<string>&lt;group&gt;</string>
		</dict>
		<key>1F3DAFA419035F590061AAFA</key>
		<dict>
			<key>children</key>
			<array>
				<string>1F4AEB221904F31C0004A71E</string>
				<string>1F4AEB231904F31C0004A71E</string>
			</array>
			<key>isa</key>
			<string>PBXGroup</string>
			<key>name</key>
			<string>Image</string>
			<key>sourceTree</key>
			<string>&lt;group&gt;</string>
		</dict>
		<key>1F3DAFA519035F630061AAFA</key>
		<dict>
			<key>children</key>
			<array/>
			<key>isa</key>
			<string>PBXGroup</string>
			<key>name</key>
			<string>Cache</string>
			<key>sourceTree</key>
			<string>&lt;group&gt;</string>
		</dict>
		<key>1F3DAFA619035F780061AAFA</key>
		<dict>
			<key>children</key>
			<array>
				<string>1F4AEB051904C10E0004A71E</string>
				<string>1F4AEB061904C10E0004A71E</string>
			</array>
			<key>isa</key>
			<string>PBXGroup</string>
			<key>name</key>
			<string>Parse</string>
			<key>sourceTree</key>
			<string>&lt;group&gt;</string>
		</dict>
		<key>1F3DAFA719035FCB0061AAFA</key>
		<dict>
			<key>children</key>
			<array>
				<string>1F3DAFA819035FE10061AAFA</string>
				<string>1F3DAF7A190351270061AAFA</string>
				<string>1F3DAF7B190351270061AAFA</string>
			</array>
			<key>isa</key>
			<string>PBXGroup</string>
			<key>name</key>
			<string>Configuration</string>
			<key>sourceTree</key>
			<string>&lt;group&gt;</string>
		</dict>
		<key>1F3DAFA819035FE10061AAFA</key>
		<dict>
			<key>isa</key>
			<string>PBXFileReference</string>
			<key>lastKnownFileType</key>
			<string>sourcecode.c.h</string>
			<key>path</key>
			<string>APIKey.h</string>
			<key>sourceTree</key>
			<string>&lt;group&gt;</string>
		</dict>
		<key>1F4AEAA71904A7CE0004A71E</key>
		<dict>
			<key>fileEncoding</key>
			<string>4</string>
			<key>isa</key>
			<string>PBXFileReference</string>
			<key>lastKnownFileType</key>
			<string>file.storyboard</string>
			<key>path</key>
			<string>WelcomeStoryboard.storyboard</string>
			<key>sourceTree</key>
			<string>&lt;group&gt;</string>
		</dict>
		<key>1F4AEAA81904A7CE0004A71E</key>
		<dict>
			<key>fileRef</key>
			<string>1F4AEAA71904A7CE0004A71E</string>
			<key>isa</key>
			<string>PBXBuildFile</string>
		</dict>
		<key>1F4AEAA91904A8780004A71E</key>
		<dict>
			<key>children</key>
			<array>
				<string>1F4AEAAA1904A89D0004A71E</string>
				<string>1F4AEAAB1904A89D0004A71E</string>
			</array>
			<key>isa</key>
			<string>PBXGroup</string>
			<key>name</key>
			<string>Welcome View Controllers</string>
			<key>sourceTree</key>
			<string>&lt;group&gt;</string>
		</dict>
		<key>1F4AEAAA1904A89D0004A71E</key>
		<dict>
			<key>fileEncoding</key>
			<string>4</string>
			<key>isa</key>
			<string>PBXFileReference</string>
			<key>lastKnownFileType</key>
			<string>sourcecode.c.h</string>
			<key>path</key>
			<string>WelcomeViewController.h</string>
			<key>sourceTree</key>
			<string>&lt;group&gt;</string>
		</dict>
		<key>1F4AEAAB1904A89D0004A71E</key>
		<dict>
			<key>fileEncoding</key>
			<string>4</string>
			<key>isa</key>
			<string>PBXFileReference</string>
			<key>lastKnownFileType</key>
			<string>sourcecode.c.objc</string>
			<key>path</key>
			<string>WelcomeViewController.m</string>
			<key>sourceTree</key>
			<string>&lt;group&gt;</string>
		</dict>
		<key>1F4AEAAC1904A89D0004A71E</key>
		<dict>
			<key>fileRef</key>
			<string>1F4AEAAB1904A89D0004A71E</string>
			<key>isa</key>
			<string>PBXBuildFile</string>
		</dict>
		<key>1F4AEAAD1904B0160004A71E</key>
		<dict>
			<key>children</key>
			<array>
				<string>1F4AEAC61904B8650004A71E</string>
			</array>
			<key>isa</key>
			<string>PBXGroup</string>
			<key>path</key>
			<string>Resources</string>
			<key>sourceTree</key>
			<string>&lt;group&gt;</string>
		</dict>
		<key>1F4AEAAE1904B0160004A71E</key>
		<dict>
			<key>isa</key>
			<string>PBXFileReference</string>
			<key>lastKnownFileType</key>
			<string>image.png</string>
			<key>path</key>
			<string>background-gradient.png</string>
			<key>sourceTree</key>
			<string>&lt;group&gt;</string>
		</dict>
		<key>1F4AEAAF1904B0160004A71E</key>
		<dict>
			<key>isa</key>
			<string>PBXFileReference</string>
			<key>lastKnownFileType</key>
			<string>image.png</string>
			<key>path</key>
			<string>background-gradient@2x.png</string>
			<key>sourceTree</key>
			<string>&lt;group&gt;</string>
		</dict>
		<key>1F4AEAB01904B0160004A71E</key>
		<dict>
			<key>isa</key>
			<string>PBXFileReference</string>
			<key>lastKnownFileType</key>
			<string>image.png</string>
			<key>path</key>
			<string>button-background.png</string>
			<key>sourceTree</key>
			<string>&lt;group&gt;</string>
		</dict>
		<key>1F4AEAB11904B0160004A71E</key>
		<dict>
			<key>isa</key>
			<string>PBXFileReference</string>
			<key>lastKnownFileType</key>
			<string>image.png</string>
			<key>path</key>
			<string>button-background@2x.png</string>
			<key>sourceTree</key>
			<string>&lt;group&gt;</string>
		</dict>
		<key>1F4AEAB21904B0160004A71E</key>
		<dict>
			<key>isa</key>
			<string>PBXFileReference</string>
			<key>lastKnownFileType</key>
			<string>image.png</string>
			<key>path</key>
			<string>Default-568h@2x.png</string>
			<key>sourceTree</key>
			<string>&lt;group&gt;</string>
		</dict>
		<key>1F4AEAB31904B0160004A71E</key>
		<dict>
			<key>isa</key>
			<string>PBXFileReference</string>
			<key>lastKnownFileType</key>
			<string>image.png</string>
			<key>path</key>
			<string>Default.png</string>
			<key>sourceTree</key>
			<string>&lt;group&gt;</string>
		</dict>
		<key>1F4AEAB41904B0160004A71E</key>
		<dict>
			<key>isa</key>
			<string>PBXFileReference</string>
			<key>lastKnownFileType</key>
			<string>image.png</string>
			<key>path</key>
			<string>Default@2x.png</string>
			<key>sourceTree</key>
			<string>&lt;group&gt;</string>
		</dict>
		<key>1F4AEAB51904B0160004A71E</key>
		<dict>
			<key>isa</key>
			<string>PBXFileReference</string>
			<key>lastKnownFileType</key>
			<string>image.jpeg</string>
			<key>path</key>
			<string>tutorial_background_00@2x.jpg</string>
			<key>sourceTree</key>
			<string>&lt;group&gt;</string>
		</dict>
		<key>1F4AEAB61904B0160004A71E</key>
		<dict>
			<key>isa</key>
			<string>PBXFileReference</string>
			<key>lastKnownFileType</key>
			<string>image.jpeg</string>
			<key>path</key>
			<string>tutorial_background_01@2x.jpg</string>
			<key>sourceTree</key>
			<string>&lt;group&gt;</string>
		</dict>
		<key>1F4AEAB71904B0160004A71E</key>
		<dict>
			<key>isa</key>
			<string>PBXFileReference</string>
			<key>lastKnownFileType</key>
			<string>image.jpeg</string>
			<key>path</key>
			<string>tutorial_background_02@2x.jpg</string>
			<key>sourceTree</key>
			<string>&lt;group&gt;</string>
		</dict>
		<key>1F4AEAB81904B0160004A71E</key>
		<dict>
			<key>isa</key>
			<string>PBXFileReference</string>
			<key>lastKnownFileType</key>
			<string>image.jpeg</string>
			<key>path</key>
			<string>tutorial_background_03@2x.jpg</string>
			<key>sourceTree</key>
			<string>&lt;group&gt;</string>
		</dict>
		<key>1F4AEAB91904B0160004A71E</key>
		<dict>
			<key>isa</key>
			<string>PBXFileReference</string>
			<key>lastKnownFileType</key>
			<string>image.jpeg</string>
			<key>path</key>
			<string>tutorial_background_04@2x.jpg</string>
			<key>sourceTree</key>
			<string>&lt;group&gt;</string>
		</dict>
		<key>1F4AEABA1904B0160004A71E</key>
		<dict>
			<key>fileRef</key>
			<string>1F4AEAAE1904B0160004A71E</string>
			<key>isa</key>
			<string>PBXBuildFile</string>
		</dict>
		<key>1F4AEABB1904B0160004A71E</key>
		<dict>
			<key>fileRef</key>
			<string>1F4AEAAF1904B0160004A71E</string>
			<key>isa</key>
			<string>PBXBuildFile</string>
		</dict>
		<key>1F4AEABC1904B0160004A71E</key>
		<dict>
			<key>fileRef</key>
			<string>1F4AEAB01904B0160004A71E</string>
			<key>isa</key>
			<string>PBXBuildFile</string>
		</dict>
		<key>1F4AEABD1904B0160004A71E</key>
		<dict>
			<key>fileRef</key>
			<string>1F4AEAB11904B0160004A71E</string>
			<key>isa</key>
			<string>PBXBuildFile</string>
		</dict>
		<key>1F4AEABE1904B0160004A71E</key>
		<dict>
			<key>fileRef</key>
			<string>1F4AEAB21904B0160004A71E</string>
			<key>isa</key>
			<string>PBXBuildFile</string>
		</dict>
		<key>1F4AEABF1904B0160004A71E</key>
		<dict>
			<key>fileRef</key>
			<string>1F4AEAB31904B0160004A71E</string>
			<key>isa</key>
			<string>PBXBuildFile</string>
		</dict>
		<key>1F4AEAC01904B0160004A71E</key>
		<dict>
			<key>fileRef</key>
			<string>1F4AEAB41904B0160004A71E</string>
			<key>isa</key>
			<string>PBXBuildFile</string>
		</dict>
		<key>1F4AEAC11904B0160004A71E</key>
		<dict>
			<key>fileRef</key>
			<string>1F4AEAB51904B0160004A71E</string>
			<key>isa</key>
			<string>PBXBuildFile</string>
		</dict>
		<key>1F4AEAC21904B0160004A71E</key>
		<dict>
			<key>fileRef</key>
			<string>1F4AEAB61904B0160004A71E</string>
			<key>isa</key>
			<string>PBXBuildFile</string>
		</dict>
		<key>1F4AEAC31904B0160004A71E</key>
		<dict>
			<key>fileRef</key>
			<string>1F4AEAB71904B0160004A71E</string>
			<key>isa</key>
			<string>PBXBuildFile</string>
		</dict>
		<key>1F4AEAC41904B0160004A71E</key>
		<dict>
			<key>fileRef</key>
			<string>1F4AEAB81904B0160004A71E</string>
			<key>isa</key>
			<string>PBXBuildFile</string>
		</dict>
		<key>1F4AEAC51904B0160004A71E</key>
		<dict>
			<key>fileRef</key>
			<string>1F4AEAB91904B0160004A71E</string>
			<key>isa</key>
			<string>PBXBuildFile</string>
		</dict>
		<key>1F4AEAC61904B8650004A71E</key>
		<dict>
			<key>children</key>
			<array>
				<string>1F4AEAAE1904B0160004A71E</string>
				<string>1F4AEAAF1904B0160004A71E</string>
				<string>1F4AEAB01904B0160004A71E</string>
				<string>1F4AEAB11904B0160004A71E</string>
				<string>1F4AEAB21904B0160004A71E</string>
				<string>1F4AEAB31904B0160004A71E</string>
				<string>1F4AEAB41904B0160004A71E</string>
				<string>1F4AEAB51904B0160004A71E</string>
				<string>1F4AEAB61904B0160004A71E</string>
				<string>1F4AEAB71904B0160004A71E</string>
				<string>1F4AEAB81904B0160004A71E</string>
				<string>1F4AEAB91904B0160004A71E</string>
			</array>
			<key>isa</key>
			<string>PBXGroup</string>
			<key>name</key>
			<string>Welcome View</string>
			<key>sourceTree</key>
			<string>&lt;group&gt;</string>
		</dict>
		<key>1F4AEAD01904BDDE0004A71E</key>
		<dict>
			<key>children</key>
			<array>
				<string>1F4AEB2E1904F7B20004A71E</string>
				<string>1F4AEB2F1904F7B20004A71E</string>
			</array>
			<key>isa</key>
			<string>PBXGroup</string>
			<key>name</key>
			<string>Library</string>
			<key>sourceTree</key>
			<string>&lt;group&gt;</string>
		</dict>
		<key>1F4AEAD31904BEF60004A71E</key>
		<dict>
			<key>buildActionMask</key>
			<string>2147483647</string>
			<key>files</key>
			<array>
				<string>1F4AEB2B1904F6220004A71E</string>
				<string>1F4AEB211904C8250004A71E</string>
				<string>1F4AEAE21904BEF60004A71E</string>
				<string>1F4AEB021904BFE10004A71E</string>
				<string>1F4AEB2A1904F5010004A71E</string>
			</array>
			<key>isa</key>
			<string>PBXSourcesBuildPhase</string>
			<key>runOnlyForDeploymentPostprocessing</key>
			<string>0</string>
		</dict>
		<key>1F4AEAD41904BEF60004A71E</key>
		<dict>
			<key>buildActionMask</key>
			<string>2147483647</string>
			<key>files</key>
			<array>
				<string>1F4AEB3B1904FA530004A71E</string>
				<string>1F4AEB391904F86A0004A71E</string>
				<string>1F4AEAD91904BEF60004A71E</string>
				<string>1F4AEADA1904BEF60004A71E</string>
				<string>1F4AEAD81904BEF60004A71E</string>
			</array>
			<key>isa</key>
			<string>PBXFrameworksBuildPhase</string>
			<key>runOnlyForDeploymentPostprocessing</key>
			<string>0</string>
		</dict>
		<key>1F4AEAD51904BEF60004A71E</key>
		<dict>
			<key>buildActionMask</key>
			<string>2147483647</string>
			<key>files</key>
			<array>
				<string>1F4AEAE01904BEF60004A71E</string>
				<string>1F4AEAE81904BEF70004A71E</string>
			</array>
			<key>isa</key>
			<string>PBXResourcesBuildPhase</string>
			<key>runOnlyForDeploymentPostprocessing</key>
			<string>0</string>
		</dict>
		<key>1F4AEAD61904BEF60004A71E</key>
		<dict>
			<key>buildConfigurationList</key>
			<string>1F4AEAFB1904BEF70004A71E</string>
			<key>buildPhases</key>
			<array>
				<string>1F4AEAD31904BEF60004A71E</string>
				<string>1F4AEAD41904BEF60004A71E</string>
				<string>1F4AEAD51904BEF60004A71E</string>
			</array>
			<key>buildRules</key>
			<array/>
			<key>dependencies</key>
			<array/>
			<key>isa</key>
			<string>PBXNativeTarget</string>
			<key>name</key>
			<string>GHUnitTests</string>
			<key>productName</key>
			<string>GHUnitTests</string>
			<key>productReference</key>
			<string>1F4AEAD71904BEF60004A71E</string>
			<key>productType</key>
			<string>com.apple.product-type.application</string>
		</dict>
		<key>1F4AEAD71904BEF60004A71E</key>
		<dict>
			<key>explicitFileType</key>
			<string>wrapper.application</string>
			<key>includeInIndex</key>
			<string>0</string>
			<key>isa</key>
			<string>PBXFileReference</string>
			<key>path</key>
			<string>GHUnitTests.app</string>
			<key>sourceTree</key>
			<string>BUILT_PRODUCTS_DIR</string>
		</dict>
		<key>1F4AEAD81904BEF60004A71E</key>
		<dict>
			<key>fileRef</key>
			<string>1F3DAF69190351270061AAFA</string>
			<key>isa</key>
			<string>PBXBuildFile</string>
		</dict>
		<key>1F4AEAD91904BEF60004A71E</key>
		<dict>
			<key>fileRef</key>
			<string>1F3DAF6B190351270061AAFA</string>
			<key>isa</key>
			<string>PBXBuildFile</string>
		</dict>
		<key>1F4AEADA1904BEF60004A71E</key>
		<dict>
			<key>fileRef</key>
			<string>1F3DAF6D190351270061AAFA</string>
			<key>isa</key>
			<string>PBXBuildFile</string>
		</dict>
		<key>1F4AEADB1904BEF60004A71E</key>
		<dict>
			<key>children</key>
			<array>
				<string>1F4AEB271904F4D90004A71E</string>
				<string>1F4AEB1C1904C6F80004A71E</string>
				<string>1F4AEB011904BFE10004A71E</string>
				<string>1F4AEADC1904BEF60004A71E</string>
			</array>
			<key>isa</key>
			<string>PBXGroup</string>
			<key>path</key>
			<string>GHUnitTests</string>
			<key>sourceTree</key>
			<string>&lt;group&gt;</string>
		</dict>
		<key>1F4AEADC1904BEF60004A71E</key>
		<dict>
			<key>children</key>
			<array>
				<string>1F4AEAE71904BEF70004A71E</string>
				<string>1F4AEADD1904BEF60004A71E</string>
				<string>1F4AEADE1904BEF60004A71E</string>
				<string>1F4AEAE11904BEF60004A71E</string>
				<string>1F4AEAE31904BEF60004A71E</string>
			</array>
			<key>isa</key>
			<string>PBXGroup</string>
			<key>name</key>
			<string>Supporting Files</string>
			<key>sourceTree</key>
			<string>&lt;group&gt;</string>
		</dict>
		<key>1F4AEADD1904BEF60004A71E</key>
		<dict>
			<key>isa</key>
			<string>PBXFileReference</string>
			<key>lastKnownFileType</key>
			<string>text.plist.xml</string>
			<key>path</key>
			<string>GHUnitTests-Info.plist</string>
			<key>sourceTree</key>
			<string>&lt;group&gt;</string>
		</dict>
		<key>1F4AEADE1904BEF60004A71E</key>
		<dict>
			<key>children</key>
			<array>
				<string>1F4AEADF1904BEF60004A71E</string>
			</array>
			<key>isa</key>
			<string>PBXVariantGroup</string>
			<key>name</key>
			<string>InfoPlist.strings</string>
			<key>sourceTree</key>
			<string>&lt;group&gt;</string>
		</dict>
		<key>1F4AEADF1904BEF60004A71E</key>
		<dict>
			<key>isa</key>
			<string>PBXFileReference</string>
			<key>lastKnownFileType</key>
			<string>text.plist.strings</string>
			<key>name</key>
			<string>en</string>
			<key>path</key>
			<string>en.lproj/InfoPlist.strings</string>
			<key>sourceTree</key>
			<string>&lt;group&gt;</string>
		</dict>
		<key>1F4AEAE01904BEF60004A71E</key>
		<dict>
			<key>fileRef</key>
			<string>1F4AEADE1904BEF60004A71E</string>
			<key>isa</key>
			<string>PBXBuildFile</string>
		</dict>
		<key>1F4AEAE11904BEF60004A71E</key>
		<dict>
			<key>isa</key>
			<string>PBXFileReference</string>
			<key>lastKnownFileType</key>
			<string>sourcecode.c.objc</string>
			<key>path</key>
			<string>main.m</string>
			<key>sourceTree</key>
			<string>&lt;group&gt;</string>
		</dict>
		<key>1F4AEAE21904BEF60004A71E</key>
		<dict>
			<key>fileRef</key>
			<string>1F4AEAE11904BEF60004A71E</string>
			<key>isa</key>
			<string>PBXBuildFile</string>
		</dict>
		<key>1F4AEAE31904BEF60004A71E</key>
		<dict>
			<key>isa</key>
			<string>PBXFileReference</string>
			<key>lastKnownFileType</key>
			<string>sourcecode.c.h</string>
			<key>path</key>
			<string>GHUnitTests-Prefix.pch</string>
			<key>sourceTree</key>
			<string>&lt;group&gt;</string>
		</dict>
		<key>1F4AEAE71904BEF70004A71E</key>
		<dict>
			<key>isa</key>
			<string>PBXFileReference</string>
			<key>lastKnownFileType</key>
			<string>folder.assetcatalog</string>
			<key>path</key>
			<string>Images.xcassets</string>
			<key>sourceTree</key>
			<string>&lt;group&gt;</string>
		</dict>
		<key>1F4AEAE81904BEF70004A71E</key>
		<dict>
			<key>fileRef</key>
			<string>1F4AEAE71904BEF70004A71E</string>
			<key>isa</key>
			<string>PBXBuildFile</string>
		</dict>
		<key>1F4AEAFB1904BEF70004A71E</key>
		<dict>
			<key>buildConfigurations</key>
			<array>
				<string>1F4AEAFC1904BEF70004A71E</string>
				<string>1F4AEAFD1904BEF70004A71E</string>
			</array>
			<key>defaultConfigurationIsVisible</key>
			<string>0</string>
			<key>defaultConfigurationName</key>
			<string>Release</string>
			<key>isa</key>
			<string>XCConfigurationList</string>
		</dict>
		<key>1F4AEAFC1904BEF70004A71E</key>
		<dict>
			<key>buildSettings</key>
			<dict>
				<key>ARCHS</key>
				<string>$(ARCHS_STANDARD_INCLUDING_64_BIT)</string>
				<key>ASSETCATALOG_COMPILER_APPICON_NAME</key>
				<string>AppIcon</string>
				<key>ASSETCATALOG_COMPILER_LAUNCHIMAGE_NAME</key>
				<string>LaunchImage</string>
				<key>FRAMEWORK_SEARCH_PATHS</key>
				<array>
					<string>$(inherited)</string>
					<string>/Users/zwein/project/airpath/product/AirPath/library</string>
				</array>
				<key>GCC_PRECOMPILE_PREFIX_HEADER</key>
				<string>YES</string>
				<key>GCC_PREFIX_HEADER</key>
				<string>GHUnitTests/GHUnitTests-Prefix.pch</string>
				<key>GCC_PREPROCESSOR_DEFINITIONS</key>
				<array>
					<string>DEBUG=1</string>
					<string>$(inherited)</string>
				</array>
				<key>INFOPLIST_FILE</key>
				<string>GHUnitTests/GHUnitTests-Info.plist</string>
				<key>IPHONEOS_DEPLOYMENT_TARGET</key>
				<string>7.0</string>
				<key>LIBRARY_SEARCH_PATHS</key>
				<array>
					<string>$(inherited)</string>
					<string>/Users/zwein/project/airpath/product/AirPath/library/ocmock</string>
				</array>
				<key>OTHER_LDFLAGS</key>
				<array>
					<string>-all_load</string>
					<string>-ObjC</string>
				</array>
				<key>PRODUCT_NAME</key>
				<string>$(TARGET_NAME)</string>
				<key>WRAPPER_EXTENSION</key>
				<string>app</string>
			</dict>
			<key>isa</key>
			<string>XCBuildConfiguration</string>
			<key>name</key>
			<string>Debug</string>
		</dict>
		<key>1F4AEAFD1904BEF70004A71E</key>
		<dict>
			<key>buildSettings</key>
			<dict>
				<key>ARCHS</key>
				<string>$(ARCHS_STANDARD_INCLUDING_64_BIT)</string>
				<key>ASSETCATALOG_COMPILER_APPICON_NAME</key>
				<string>AppIcon</string>
				<key>ASSETCATALOG_COMPILER_LAUNCHIMAGE_NAME</key>
				<string>LaunchImage</string>
				<key>FRAMEWORK_SEARCH_PATHS</key>
				<array>
					<string>$(inherited)</string>
					<string>/Users/zwein/project/airpath/product/AirPath/library</string>
				</array>
				<key>GCC_PRECOMPILE_PREFIX_HEADER</key>
				<string>YES</string>
				<key>GCC_PREFIX_HEADER</key>
				<string>GHUnitTests/GHUnitTests-Prefix.pch</string>
				<key>INFOPLIST_FILE</key>
				<string>GHUnitTests/GHUnitTests-Info.plist</string>
				<key>IPHONEOS_DEPLOYMENT_TARGET</key>
				<string>7.0</string>
				<key>LIBRARY_SEARCH_PATHS</key>
				<array>
					<string>$(inherited)</string>
					<string>/Users/zwein/project/airpath/product/AirPath/library/ocmock</string>
				</array>
				<key>OTHER_LDFLAGS</key>
				<array>
					<string>-all_load</string>
					<string>-ObjC</string>
				</array>
				<key>PRODUCT_NAME</key>
				<string>$(TARGET_NAME)</string>
				<key>WRAPPER_EXTENSION</key>
				<string>app</string>
			</dict>
			<key>isa</key>
			<string>XCBuildConfiguration</string>
			<key>name</key>
			<string>Release</string>
		</dict>
		<key>1F4AEB011904BFE10004A71E</key>
		<dict>
			<key>fileEncoding</key>
			<string>4</string>
			<key>isa</key>
			<string>PBXFileReference</string>
			<key>lastKnownFileType</key>
			<string>sourcecode.c.objc</string>
			<key>path</key>
			<string>FirstGHUnitTests.m</string>
			<key>sourceTree</key>
			<string>&lt;group&gt;</string>
		</dict>
		<key>1F4AEB021904BFE10004A71E</key>
		<dict>
			<key>fileRef</key>
			<string>1F4AEB011904BFE10004A71E</string>
			<key>isa</key>
			<string>PBXBuildFile</string>
		</dict>
		<key>1F4AEB051904C10E0004A71E</key>
		<dict>
			<key>fileEncoding</key>
			<string>4</string>
			<key>isa</key>
			<string>PBXFileReference</string>
			<key>lastKnownFileType</key>
			<string>sourcecode.c.h</string>
			<key>path</key>
			<string>ParseUtility.h</string>
			<key>sourceTree</key>
			<string>&lt;group&gt;</string>
		</dict>
		<key>1F4AEB061904C10E0004A71E</key>
		<dict>
			<key>fileEncoding</key>
			<string>4</string>
			<key>isa</key>
			<string>PBXFileReference</string>
			<key>lastKnownFileType</key>
			<string>sourcecode.c.objc</string>
			<key>path</key>
			<string>ParseUtility.m</string>
			<key>sourceTree</key>
			<string>&lt;group&gt;</string>
		</dict>
		<key>1F4AEB071904C10E0004A71E</key>
		<dict>
			<key>fileRef</key>
			<string>1F4AEB061904C10E0004A71E</string>
			<key>isa</key>
			<string>PBXBuildFile</string>
		</dict>
		<key>1F4AEB081904C5330004A71E</key>
		<dict>
			<key>isa</key>
			<string>PBXFileReference</string>
			<key>lastKnownFileType</key>
			<string>wrapper.framework</string>
			<key>name</key>
			<string>Parse.framework</string>
			<key>path</key>
			<string>library/parse/Parse.framework</string>
			<key>sourceTree</key>
			<string>&lt;group&gt;</string>
		</dict>
		<key>1F4AEB0A1904C56E0004A71E</key>
		<dict>
			<key>isa</key>
			<string>PBXFileReference</string>
			<key>lastKnownFileType</key>
			<string>wrapper.framework</string>
			<key>name</key>
			<string>CoreLocation.framework</string>
			<key>path</key>
			<string>System/Library/Frameworks/CoreLocation.framework</string>
			<key>sourceTree</key>
			<string>SDKROOT</string>
		</dict>
		<key>1F4AEB0B1904C56E0004A71E</key>
		<dict>
			<key>fileRef</key>
			<string>1F4AEB0A1904C56E0004A71E</string>
			<key>isa</key>
			<string>PBXBuildFile</string>
		</dict>
		<key>1F4AEB0C1904C57A0004A71E</key>
		<dict>
			<key>isa</key>
			<string>PBXFileReference</string>
			<key>lastKnownFileType</key>
			<string>wrapper.framework</string>
			<key>name</key>
			<string>StoreKit.framework</string>
			<key>path</key>
			<string>System/Library/Frameworks/StoreKit.framework</string>
			<key>sourceTree</key>
			<string>SDKROOT</string>
		</dict>
		<key>1F4AEB0D1904C57A0004A71E</key>
		<dict>
			<key>fileRef</key>
			<string>1F4AEB0C1904C57A0004A71E</string>
			<key>isa</key>
			<string>PBXBuildFile</string>
		</dict>
		<key>1F4AEB0E1904C5870004A71E</key>
		<dict>
			<key>isa</key>
			<string>PBXFileReference</string>
			<key>lastKnownFileType</key>
			<string>wrapper.framework</string>
			<key>name</key>
			<string>QuartzCore.framework</string>
			<key>path</key>
			<string>System/Library/Frameworks/QuartzCore.framework</string>
			<key>sourceTree</key>
			<string>SDKROOT</string>
		</dict>
		<key>1F4AEB0F1904C5870004A71E</key>
		<dict>
			<key>fileRef</key>
			<string>1F4AEB0E1904C5870004A71E</string>
			<key>isa</key>
			<string>PBXBuildFile</string>
		</dict>
		<key>1F4AEB101904C5950004A71E</key>
		<dict>
			<key>isa</key>
			<string>PBXFileReference</string>
			<key>lastKnownFileType</key>
			<string>compiled.mach-o.dylib</string>
			<key>name</key>
			<string>libz.1.1.3.dylib</string>
			<key>path</key>
			<string>usr/lib/libz.1.1.3.dylib</string>
			<key>sourceTree</key>
			<string>SDKROOT</string>
		</dict>
		<key>1F4AEB111904C5950004A71E</key>
		<dict>
			<key>fileRef</key>
			<string>1F4AEB101904C5950004A71E</string>
			<key>isa</key>
			<string>PBXBuildFile</string>
		</dict>
		<key>1F4AEB121904C59D0004A71E</key>
		<dict>
			<key>isa</key>
			<string>PBXFileReference</string>
			<key>lastKnownFileType</key>
			<string>wrapper.framework</string>
			<key>name</key>
			<string>Security.framework</string>
			<key>path</key>
			<string>System/Library/Frameworks/Security.framework</string>
			<key>sourceTree</key>
			<string>SDKROOT</string>
		</dict>
		<key>1F4AEB131904C59D0004A71E</key>
		<dict>
			<key>fileRef</key>
			<string>1F4AEB121904C59D0004A71E</string>
			<key>isa</key>
			<string>PBXBuildFile</string>
		</dict>
		<key>1F4AEB141904C5A70004A71E</key>
		<dict>
			<key>isa</key>
			<string>PBXFileReference</string>
			<key>lastKnownFileType</key>
			<string>wrapper.framework</string>
			<key>name</key>
			<string>AudioToolbox.framework</string>
			<key>path</key>
			<string>System/Library/Frameworks/AudioToolbox.framework</string>
			<key>sourceTree</key>
			<string>SDKROOT</string>
		</dict>
		<key>1F4AEB151904C5A70004A71E</key>
		<dict>
			<key>fileRef</key>
			<string>1F4AEB141904C5A70004A71E</string>
			<key>isa</key>
			<string>PBXBuildFile</string>
		</dict>
		<key>1F4AEB161904C5B20004A71E</key>
		<dict>
			<key>isa</key>
			<string>PBXFileReference</string>
			<key>lastKnownFileType</key>
			<string>wrapper.framework</string>
			<key>name</key>
			<string>MobileCoreServices.framework</string>
			<key>path</key>
			<string>System/Library/Frameworks/MobileCoreServices.framework</string>
			<key>sourceTree</key>
			<string>SDKROOT</string>
		</dict>
		<key>1F4AEB171904C5B20004A71E</key>
		<dict>
			<key>fileRef</key>
			<string>1F4AEB161904C5B20004A71E</string>
			<key>isa</key>
			<string>PBXBuildFile</string>
		</dict>
		<key>1F4AEB181904C5BC0004A71E</key>
		<dict>
			<key>isa</key>
			<string>PBXFileReference</string>
			<key>lastKnownFileType</key>
			<string>wrapper.framework</string>
			<key>name</key>
			<string>SystemConfiguration.framework</string>
			<key>path</key>
			<string>System/Library/Frameworks/SystemConfiguration.framework</string>
			<key>sourceTree</key>
			<string>SDKROOT</string>
		</dict>
		<key>1F4AEB191904C5BC0004A71E</key>
		<dict>
			<key>fileRef</key>
			<string>1F4AEB181904C5BC0004A71E</string>
			<key>isa</key>
			<string>PBXBuildFile</string>
		</dict>
		<key>1F4AEB1A1904C5C30004A71E</key>
		<dict>
			<key>isa</key>
			<string>PBXFileReference</string>
			<key>lastKnownFileType</key>
			<string>wrapper.framework</string>
			<key>name</key>
			<string>CFNetwork.framework</string>
			<key>path</key>
			<string>System/Library/Frameworks/CFNetwork.framework</string>
			<key>sourceTree</key>
			<string>SDKROOT</string>
		</dict>
		<key>1F4AEB1B1904C5C30004A71E</key>
		<dict>
			<key>fileRef</key>
			<string>1F4AEB1A1904C5C30004A71E</string>
			<key>isa</key>
			<string>PBXBuildFile</string>
		</dict>
		<key>1F4AEB1C1904C6F80004A71E</key>
		<dict>
			<key>children</key>
			<array>
				<string>1F4AEB201904C8250004A71E</string>
			</array>
			<key>isa</key>
			<string>PBXGroup</string>
			<key>name</key>
			<string>Parse Tests</string>
			<key>sourceTree</key>
			<string>&lt;group&gt;</string>
		</dict>
		<key>1F4AEB201904C8250004A71E</key>
		<dict>
			<key>fileEncoding</key>
			<string>4</string>
			<key>isa</key>
			<string>PBXFileReference</string>
			<key>lastKnownFileType</key>
			<string>sourcecode.c.objc</string>
			<key>path</key>
			<string>ParseTests.m</string>
			<key>sourceTree</key>
			<string>&lt;group&gt;</string>
		</dict>
		<key>1F4AEB211904C8250004A71E</key>
		<dict>
			<key>fileRef</key>
			<string>1F4AEB201904C8250004A71E</string>
			<key>isa</key>
			<string>PBXBuildFile</string>
		</dict>
		<key>1F4AEB221904F31C0004A71E</key>
		<dict>
			<key>fileEncoding</key>
			<string>4</string>
			<key>isa</key>
			<string>PBXFileReference</string>
			<key>lastKnownFileType</key>
			<string>sourcecode.c.h</string>
			<key>path</key>
			<string>AlbumUtility.h</string>
			<key>sourceTree</key>
			<string>&lt;group&gt;</string>
		</dict>
		<key>1F4AEB231904F31C0004A71E</key>
		<dict>
			<key>fileEncoding</key>
			<string>4</string>
			<key>isa</key>
			<string>PBXFileReference</string>
			<key>lastKnownFileType</key>
			<string>sourcecode.c.objc</string>
			<key>path</key>
			<string>AlbumUtility.m</string>
			<key>sourceTree</key>
			<string>&lt;group&gt;</string>
		</dict>
		<key>1F4AEB241904F31C0004A71E</key>
		<dict>
			<key>fileRef</key>
			<string>1F4AEB231904F31C0004A71E</string>
			<key>isa</key>
			<string>PBXBuildFile</string>
		</dict>
		<key>1F4AEB251904F3EE0004A71E</key>
		<dict>
			<key>isa</key>
			<string>PBXFileReference</string>
			<key>lastKnownFileType</key>
			<string>wrapper.framework</string>
			<key>name</key>
			<string>AssetsLibrary.framework</string>
			<key>path</key>
			<string>System/Library/Frameworks/AssetsLibrary.framework</string>
			<key>sourceTree</key>
			<string>SDKROOT</string>
		</dict>
		<key>1F4AEB261904F3EE0004A71E</key>
		<dict>
			<key>fileRef</key>
			<string>1F4AEB251904F3EE0004A71E</string>
			<key>isa</key>
			<string>PBXBuildFile</string>
		</dict>
		<key>1F4AEB271904F4D90004A71E</key>
		<dict>
			<key>children</key>
			<array>
				<string>1F4AEB291904F5010004A71E</string>
			</array>
			<key>isa</key>
			<string>PBXGroup</string>
			<key>name</key>
			<string>Media Tests</string>
			<key>sourceTree</key>
			<string>&lt;group&gt;</string>
		</dict>
		<key>1F4AEB291904F5010004A71E</key>
		<dict>
			<key>fileEncoding</key>
			<string>4</string>
			<key>isa</key>
			<string>PBXFileReference</string>
			<key>lastKnownFileType</key>
			<string>sourcecode.c.objc</string>
			<key>path</key>
			<string>AlbumTests.m</string>
			<key>sourceTree</key>
			<string>&lt;group&gt;</string>
		</dict>
		<key>1F4AEB2A1904F5010004A71E</key>
		<dict>
			<key>fileRef</key>
			<string>1F4AEB291904F5010004A71E</string>
			<key>isa</key>
			<string>PBXBuildFile</string>
		</dict>
		<key>1F4AEB2B1904F6220004A71E</key>
		<dict>
			<key>fileRef</key>
			<string>1F4AEB231904F31C0004A71E</string>
			<key>isa</key>
			<string>PBXBuildFile</string>
		</dict>
		<key>1F4AEB2C1904F6500004A71E</key>
		<dict>
			<key>fileEncoding</key>
			<string>4</string>
			<key>isa</key>
			<string>PBXFileReference</string>
			<key>lastKnownFileType</key>
			<string>sourcecode.c.objc</string>
			<key>path</key>
			<string>AlbumTests.m</string>
			<key>sourceTree</key>
			<string>&lt;group&gt;</string>
		</dict>
		<key>1F4AEB2D1904F6500004A71E</key>
		<dict>
			<key>fileRef</key>
			<string>1F4AEB2C1904F6500004A71E</string>
			<key>isa</key>
			<string>PBXBuildFile</string>
		</dict>
		<key>1F4AEB2E1904F7B20004A71E</key>
		<dict>
			<key>isa</key>
			<string>PBXFileReference</string>
			<key>lastKnownFileType</key>
			<string>archive.ar</string>
			<key>name</key>
			<string>libOCMock.a</string>
			<key>path</key>
			<string>library/ocmock/libOCMock.a</string>
			<key>sourceTree</key>
			<string>&lt;group&gt;</string>
		</dict>
		<key>1F4AEB2F1904F7B20004A71E</key>
		<dict>
			<key>children</key>
			<array>
				<string>1F4AEB301904F7B20004A71E</string>
				<string>1F4AEB311904F7B20004A71E</string>
				<string>1F4AEB321904F7B20004A71E</string>
				<string>1F4AEB331904F7B20004A71E</string>
				<string>1F4AEB341904F7B20004A71E</string>
				<string>1F4AEB351904F7B20004A71E</string>
			</array>
			<key>isa</key>
			<string>PBXGroup</string>
			<key>name</key>
			<string>OCMock</string>
			<key>path</key>
			<string>library/ocmock/OCMock</string>
			<key>sourceTree</key>
			<string>&lt;group&gt;</string>
		</dict>
		<key>1F4AEB301904F7B20004A71E</key>
		<dict>
			<key>fileEncoding</key>
			<string>4</string>
			<key>isa</key>
			<string>PBXFileReference</string>
			<key>lastKnownFileType</key>
			<string>sourcecode.c.h</string>
			<key>path</key>
			<string>NSNotificationCenter+OCMAdditions.h</string>
			<key>sourceTree</key>
			<string>&lt;group&gt;</string>
		</dict>
		<key>1F4AEB311904F7B20004A71E</key>
		<dict>
			<key>fileEncoding</key>
			<string>4</string>
			<key>isa</key>
			<string>PBXFileReference</string>
			<key>lastKnownFileType</key>
			<string>sourcecode.c.h</string>
			<key>path</key>
			<string>OCMArg.h</string>
			<key>sourceTree</key>
			<string>&lt;group&gt;</string>
		</dict>
		<key>1F4AEB321904F7B20004A71E</key>
		<dict>
			<key>fileEncoding</key>
			<string>4</string>
			<key>isa</key>
			<string>PBXFileReference</string>
			<key>lastKnownFileType</key>
			<string>sourcecode.c.h</string>
			<key>path</key>
			<string>OCMConstraint.h</string>
			<key>sourceTree</key>
			<string>&lt;group&gt;</string>
		</dict>
		<key>1F4AEB331904F7B20004A71E</key>
		<dict>
			<key>fileEncoding</key>
			<string>4</string>
			<key>isa</key>
			<string>PBXFileReference</string>
			<key>lastKnownFileType</key>
			<string>sourcecode.c.h</string>
			<key>path</key>
			<string>OCMock.h</string>
			<key>sourceTree</key>
			<string>&lt;group&gt;</string>
		</dict>
		<key>1F4AEB341904F7B20004A71E</key>
		<dict>
			<key>fileEncoding</key>
			<string>4</string>
			<key>isa</key>
			<string>PBXFileReference</string>
			<key>lastKnownFileType</key>
			<string>sourcecode.c.h</string>
			<key>path</key>
			<string>OCMockObject.h</string>
			<key>sourceTree</key>
			<string>&lt;group&gt;</string>
		</dict>
		<key>1F4AEB351904F7B20004A71E</key>
		<dict>
			<key>fileEncoding</key>
			<string>4</string>
			<key>isa</key>
			<string>PBXFileReference</string>
			<key>lastKnownFileType</key>
			<string>sourcecode.c.h</string>
			<key>path</key>
			<string>OCMockRecorder.h</string>
			<key>sourceTree</key>
			<string>&lt;group&gt;</string>
		</dict>
		<key>1F4AEB381904F85F0004A71E</key>
		<dict>
			<key>fileRef</key>
			<string>1F4AEB2E1904F7B20004A71E</string>
			<key>isa</key>
			<string>PBXBuildFile</string>
		</dict>
		<key>1F4AEB391904F86A0004A71E</key>
		<dict>
			<key>fileRef</key>
			<string>1F4AEB2E1904F7B20004A71E</string>
			<key>isa</key>
			<string>PBXBuildFile</string>
		</dict>
		<key>1F4AEB3A1904FA530004A71E</key>
		<dict>
			<key>isa</key>
			<string>PBXFileReference</string>
			<key>lastKnownFileType</key>
			<string>wrapper.framework</string>
			<key>name</key>
			<string>GHUnitIOS.framework</string>
			<key>path</key>
			<string>library/GHUnitIOS.framework</string>
			<key>sourceTree</key>
			<string>&lt;group&gt;</string>
		</dict>
		<key>1F4AEB3B1904FA530004A71E</key>
		<dict>
			<key>fileRef</key>
			<string>1F4AEB3A1904FA530004A71E</string>
			<key>isa</key>
			<string>PBXBuildFile</string>
		</dict>
		<key>1F4AEB3C1904FA900004A71E</key>
		<dict>
			<key>fileRef</key>
			<string>1F4AEB081904C5330004A71E</string>
			<key>isa</key>
			<string>PBXBuildFile</string>
		</dict>
		<key>1F4AEB3D1904FAA00004A71E</key>
		<dict>
			<key>fileRef</key>
			<string>1F4AEB081904C5330004A71E</string>
			<key>isa</key>
			<string>PBXBuildFile</string>
		</dict>
		<key>1F50F0C31904A0F5008A6893</key>
		<dict>
			<key>children</key>
			<array>
				<string>1F91D584190504DA00FA3F16</string>
			</array>
			<key>isa</key>
			<string>PBXGroup</string>
			<key>name</key>
			<string>Open Source</string>
			<key>path</key>
			<string>..</string>
			<key>sourceTree</key>
			<string>&lt;group&gt;</string>
		</dict>
		<key>1F7301321904914E003170EB</key>
		<dict>
			<key>children</key>
			<array>
				<string>1F4AEB2C1904F6500004A71E</string>
			</array>
			<key>isa</key>
			<string>PBXGroup</string>
			<key>name</key>
			<string>Media Tests</string>
			<key>sourceTree</key>
			<string>&lt;group&gt;</string>
		</dict>
		<key>1F73013319049158003170EB</key>
		<dict>
			<key>children</key>
			<array/>
			<key>isa</key>
			<string>PBXGroup</string>
			<key>name</key>
			<string>Parse Tests</string>
			<key>sourceTree</key>
			<string>&lt;group&gt;</string>
		</dict>
		<key>1F91D584190504DA00FA3F16</key>
		<dict>
			<key>children</key>
			<array>
				<string>1F91D585190504DA00FA3F16</string>
				<string>1F91D586190504DA00FA3F16</string>
				<string>1F91D587190504DA00FA3F16</string>
				<string>1F91D588190504DA00FA3F16</string>
			</array>
			<key>isa</key>
			<string>PBXGroup</string>
			<key>name</key>
			<string>ICETurorial</string>
			<key>path</key>
			<string>AirPath/Open Source/ICETurorial</string>
			<key>sourceTree</key>
			<string>&lt;group&gt;</string>
		</dict>
		<key>1F91D585190504DA00FA3F16</key>
		<dict>
			<key>fileEncoding</key>
			<string>4</string>
			<key>isa</key>
			<string>PBXFileReference</string>
			<key>lastKnownFileType</key>
			<string>sourcecode.c.h</string>
			<key>path</key>
			<string>ICETutorialController.h</string>
			<key>sourceTree</key>
			<string>&lt;group&gt;</string>
		</dict>
		<key>1F91D586190504DA00FA3F16</key>
		<dict>
			<key>fileEncoding</key>
			<string>4</string>
			<key>isa</key>
			<string>PBXFileReference</string>
			<key>lastKnownFileType</key>
			<string>sourcecode.c.objc</string>
			<key>path</key>
			<string>ICETutorialController.m</string>
			<key>sourceTree</key>
			<string>&lt;group&gt;</string>
		</dict>
		<key>1F91D587190504DA00FA3F16</key>
		<dict>
			<key>fileEncoding</key>
			<string>4</string>
			<key>isa</key>
			<string>PBXFileReference</string>
			<key>lastKnownFileType</key>
			<string>sourcecode.c.h</string>
			<key>path</key>
			<string>ICETutorialPage.h</string>
			<key>sourceTree</key>
			<string>&lt;group&gt;</string>
		</dict>
		<key>1F91D588190504DA00FA3F16</key>
		<dict>
			<key>fileEncoding</key>
			<string>4</string>
			<key>isa</key>
			<string>PBXFileReference</string>
			<key>lastKnownFileType</key>
			<string>sourcecode.c.objc</string>
			<key>path</key>
			<string>ICETutorialPage.m</string>
			<key>sourceTree</key>
			<string>&lt;group&gt;</string>
		</dict>
		<key>1F91D589190504DA00FA3F16</key>
		<dict>
			<key>fileRef</key>
			<string>1F91D586190504DA00FA3F16</string>
			<key>isa</key>
			<string>PBXBuildFile</string>
		</dict>
		<key>1F91D58A190504DA00FA3F16</key>
		<dict>
			<key>fileRef</key>
			<string>1F91D588190504DA00FA3F16</string>
			<key>isa</key>
			<string>PBXBuildFile</string>
		</dict>
		<key>1FBDFA221903D81C00031083</key>
		<dict>
			<key>isa</key>
			<string>PBXFileReference</string>
			<key>lastKnownFileType</key>
			<string>sourcecode.c.h</string>
			<key>path</key>
			<string>APUtility.h</string>
			<key>sourceTree</key>
			<string>&lt;group&gt;</string>
		</dict>
		<key>6F0CC9FC5D7744D79190F3C9</key>
		<dict>
			<key>fileRef</key>
			<string>0031E612DF164016ACD11C1B</string>
			<key>isa</key>
			<string>PBXBuildFile</string>
		</dict>
		<key>DC5199B3638F4602AFA60D0D</key>
		<dict>
			<key>buildActionMask</key>
			<string>2147483647</string>
			<key>files</key>
			<array/>
			<key>inputPaths</key>
			<array/>
			<key>isa</key>
			<string>PBXShellScriptBuildPhase</string>
			<key>name</key>
			<string>Copy Pods Resources</string>
			<key>outputPaths</key>
			<array/>
			<key>runOnlyForDeploymentPostprocessing</key>
			<string>0</string>
			<key>shellPath</key>
			<string>/bin/sh</string>
			<key>shellScript</key>
			<string>"${SRCROOT}/Pods/Pods-resources.sh"
</string>
			<key>showEnvVarsInLog</key>
			<string>0</string>
		</dict>
	</dict>
	<key>rootObject</key>
	<string>1F3DAF5E190351270061AAFA</string>
</dict>
</plist>
